{
  "name": "joystick.ae.org",
  "version": "1.0.0",
  "lockfileVersion": 3,
  "requires": true,
  "description": "JoyStick International — Indie Game Studio Website",
  "packages": {},
  "devDependencies": {
    "vercel": "^33.0.0"
  },
  "scripts": {
    "deploy": "vercel --prod",
    "dev": "vercel dev"
  }
}
